
Microsoft Visual Studio Solution File, Format Version 12.00
# Visual Studio Version 17
VisualStudioVersion = 17.2.32519.379
MinimumVisualStudioVersion = 10.0.40219.1
Project("{FAE04EC0-301F-11D3-BF4B-00C04F79EFBC}") = "Gravy", "Gravy.csproj", "{A767275A-6093-46E8-B801-B5B6B035DD92}"
EndProject
Global
	GlobalSection(SolutionConfigurationPlatforms) = preSolution
		Debug|Any CPU = Debug|Any CPU
		Release|Any CPU = Release|Any CPU
	EndGlobalSection
	GlobalSection(ProjectConfigurationPlatforms) = postSolution
		{A767275A-6093-46E8-B801-B5B6B035DD92}.Debug|Any CPU.ActiveCfg = Debug|Any CPU
		{A767275A-6093-46E8-B801-B5B6B035DD92}.Debug|Any CPU.Build.0 = Debug|Any CPU
		{A767275A-6093-46E8-B801-B5B6B035DD92}.Release|Any CPU.ActiveCfg = Release|Any CPU
		{A767275A-6093-46E8-B801-B5B6B035DD92}.Release|Any CPU.Build.0 = Release|Any CPU
	EndGlobalSection
	GlobalSection(SolutionProperties) = preSolution
		HideSolutionNode = FALSE
	EndGlobalSection
	GlobalSection(ExtensibilityGlobals) = postSolution
		SolutionGuid = {DD73C0B7-1434-469E-8544-1DF5D7FEF048}
	EndGlobalSection
EndGlobal
